# This file is autogenerated, do not edit; changes may be undone by the next 'dep ensure'.


[[projects]]
  digest = "1:439bfb51db599cd80766736b93b3d10e9314361197ada0b1209a51627a00ccd5"
  name = "github.com/PuerkitoBio/goquery"
  packages = ["."]
  pruneopts = ""
  revision = "2d2796f41742ece03e8086188fa4db16a3a0b458"
  version = "v1.5.0"

[[projects]]
  branch = "master"
  digest = "1:9b1a9c1aaaf21c62f02a2eb1b09298f10370c6e1680684710f5f5e40eba82fc1"
  name = "github.com/Shopify/go-lua"
  packages = ["."]
  pruneopts = ""
  revision = "48449c60c0a91cdc83cf554aa0931380393b9b02"

[[projects]]
  digest = "1:9a3c631555e0351fdc4e696577bb63afd90c399d782a8462dba9d100d7021db3"
  name = "github.com/Sirupsen/logrus"
  packages = ["."]
  pruneopts = ""
  revision = "e1e72e9de974bd926e5c56f83753fba2df402ce5"
  version = "v1.3.0"

[[projects]]
  digest = "1:e3726ad6f38f710e84c8dcd0e830014de6eaeea81f28d91ae898afecc078479a"
  name = "github.com/andybalholm/cascadia"
  packages = ["."]
  pruneopts = ""
  revision = "901648c87902174f774fac311d7f176f8647bdaa"
  version = "v1.0.0"

[[projects]]
  branch = "develop"
  digest = "1:38e89301ae2f393685cfc793f1d1c0dd45c221ff3fc050ed654a7b9c0a8d7c48"
  name = "github.com/bwmarrin/discordgo"
  packages = ["."]
  pruneopts = ""
  revision = "4abf4d7de66a762edc6baa292a0ddc3f0c7d2fb7"

[[projects]]
  branch = "master"
  digest = "1:f1a75a8e00244e5ea77ff274baa9559eb877437b240ee7b278f3fc560d9f08bf"
  name = "github.com/dustin/go-humanize"
  packages = ["."]
  pruneopts = ""
  revision = "9f541cc9db5d55bce703bd99987c9d5cb8eea45e"

[[projects]]
  branch = "master"
  digest = "1:26317724ed32bcf2ef15454613d2a8fe9d670b12f073cfd20db3bcec54e069ab"
  name = "github.com/go-errors/errors"
  packages = ["."]
  pruneopts = ""
  revision = "d98b870cc4e05f1545532a80e9909be8216095b6"

[[projects]]
  digest = "1:b73fabc1ff8f2417bc5cc51d3f7274d6af5300b5ad9b8606967213134c1700dc"
  name = "github.com/go-redis/redis"
  packages = [
    ".",
    "internal",
    "internal/consistenthash",
    "internal/hashtag",
    "internal/pool",
    "internal/proto",
    "internal/util",
  ]
  pruneopts = ""
  revision = "22be8a3eaf992c828cecb69dc07348313bf08d2e"
  version = "v6.15.1"

[[projects]]
  branch = "master"
  digest = "1:644bfcac78bb9fa9ddd029a19c81283fa1d88ec05570447ad4e689e50727dd6b"
  name = "github.com/googollee/go-engine.io"
  packages = [
    ".",
    "message",
    "parser",
    "polling",
    "transport",
    "websocket",
  ]
  pruneopts = ""
  revision = "e2f255711dcb2ea41e42c6d9d98c172d7edf6509"

[[projects]]
  branch = "master"
  digest = "1:50cc1a2995f6789d2da377855e0011768963e8fad8f12c71cfde685ac175da86"
  name = "github.com/googollee/go-socket.io"
  packages = ["."]
  pruneopts = ""
  revision = "0ad7206c347a1c531174c35fb3b68be22360a80c"

[[projects]]
  digest = "1:09aa5dd1332b93c96bde671bafb053249dc813febf7d5ca84e8f382ba255d67d"
  name = "github.com/gorilla/websocket"
  packages = ["."]
  pruneopts = ""
  revision = "66b9c49e59c6c48f0ffce28c2d8b8a5678502c6d"
  version = "v1.4.0"

[[projects]]
  branch = "master"
  digest = "1:a645f7c100e56a6c0e04aeeab489d26fd785af83ccd7cb3e79715dab9f2e87ea"
  name = "github.com/jonas747/dca"
  packages = ["."]
  pruneopts = ""
  revision = "bf5d11669cdb8be779296c65addb0c82b8d43391"

[[projects]]
  branch = "master"
  digest = "1:85f2af19f1971eace1974b8c587ef5aed7d5f872d7c0b8cd18df05f65d905819"
  name = "github.com/jonas747/ogg"
  packages = ["."]
  pruneopts = ""
  revision = "b4f6f4cf3757a3bf88eae9222045b99b9d76d8ca"

[[projects]]
  digest = "1:6a874e3ddfb9db2b42bd8c85b6875407c702fa868eed20634ff489bc896ccfd3"
  name = "github.com/konsorten/go-windows-terminal-sequences"
  packages = ["."]
  pruneopts = ""
  revision = "5c8c8bd35d3832f5d134ae1e1e375b69a4d25242"
  version = "v1.0.1"

[[projects]]
  digest = "1:9fa4a4a684dfb36f3ba1b0a163225140e19e3219e5576d0761d02dbd4c31b743"
  name = "github.com/nicksnyder/go-i18n"
  packages = [
    "i18n",
    "i18n/bundle",
    "i18n/language",
    "i18n/translation",
  ]
  pruneopts = ""
  revision = "0dc1626d56435e9d605a29875701721c54bc9bbd"
  version = "v1.10.0"

[[projects]]
  branch = "master"
  digest = "1:407cc240c79cdd4d909e44ca5c926a1085ca5d2ba825c92c92e727280c194a75"
  name = "github.com/nishanths/go-xkcd"
  packages = ["."]
  pruneopts = ""
  revision = "9497d909de390b9a8dd0d88975cf0ce7d0b4d688"

[[projects]]
  digest = "1:894aef961c056b6d85d12bac890bf60c44e99b46292888bfa66caf529f804457"
  name = "github.com/pelletier/go-toml"
  packages = ["."]
  pruneopts = ""
  revision = "c01d1270ff3e442a8a57cddc1c92dc1138598194"
  version = "v1.2.0"

[[projects]]
  branch = "master"
  digest = "1:76695a5588998a21701d17ea689a45fa39a8c5f52c47607f74f9a92416bb6961"
  name = "github.com/robertkrimen/otto"
  packages = [
    ".",
    "ast",
    "dbg",
    "file",
    "parser",
    "registry",
    "token",
  ]
  pruneopts = ""
  revision = "15f95af6e78dcd2030d8195a138bd88d4f403546"

[[projects]]
  digest = "1:6a418e7a35ad5cde414beac2c55e09e87dbbd94393731b2423beb43b5c29e01d"
  name = "github.com/rylio/ytdl"
  packages = ["."]
  pruneopts = ""
  revision = "bd30f781270fa4d6df59e2a49948cd157030a2c6"
  version = "v0.5.1"

[[projects]]
  branch = "master"
  digest = "1:b28f2f9253cbb1bf2bcb3c0ab7421d2f88a245386199a6668b0a66eb09ce3e1f"
  name = "github.com/tidwall/btree"
  packages = ["."]
  pruneopts = ""
  revision = "9876f1454cf0993a53d74c27196993e345f50dd1"

[[projects]]
  branch = "master"
  digest = "1:4d2ec831fbaaf74fd75d2d9fe107e605c92489ec6cef6d36e1f23b678e9f2bd4"
  name = "github.com/tidwall/buntdb"
  packages = ["."]
  pruneopts = ""
  revision = "6249481c29c2cd96f53b691b74ac1893f72774c2"

[[projects]]
  digest = "1:458d627d11501cb3ddc62af818357810bbf3511a497e4e7cc45e037fda6d509c"
  name = "github.com/tidwall/gjson"
  packages = ["."]
  pruneopts = ""
  revision = "5a96cfda705e1762dc0671e26b0b78925ad97e29"
  version = "v1.1.5"

[[projects]]
  branch = "master"
  digest = "1:bf59f997bab72b8ecd044aed35d706edb6abd6128afe0502c94398b2374f1f3f"
  name = "github.com/tidwall/grect"
  packages = ["."]
  pruneopts = ""
  revision = "ba9a043346eba55344e40d66a5e74cfda3a9d293"

[[projects]]
  digest = "1:72511ec1089fee111c995492d1d390a38ac7ab888aabdb1188985f2a1719c599"
  name = "github.com/tidwall/match"
  packages = ["."]
  pruneopts = ""
  revision = "33827db735fff6510490d69a8622612558a557ed"
  version = "v1.0.1"

[[projects]]
  branch = "master"
  digest = "1:d32bf71d5def9cc1cdfd704e45de1d6b97c00636dcada4341b62071a72f832ba"
  name = "github.com/tidwall/redcon"
  packages = ["."]
  pruneopts = ""
  revision = "56b016127ae730019c5e3073a413ad9526440c38"

[[projects]]
  branch = "master"
  digest = "1:5d9d865e55b95f001e52a7f5d1f812e8a80f0f05d5b04ede006f24206ebba33c"
  name = "github.com/tidwall/rtree"
  packages = [
    ".",
    "base",
  ]
  pruneopts = ""
  revision = "6cd427091e0e662cb4f8e2c9eb1a41e1c46ff0d3"

[[projects]]
  branch = "master"
  digest = "1:9d6562efe571b54b2ec08ed598e4ba08d77b966dc2103a4300ae0cd0286dd6c3"
  name = "github.com/tidwall/tinyqueue"
  packages = ["."]
  pruneopts = ""
  revision = "1e39f55115634cad2c504631c8bfcc292f2c9c55"

[[projects]]
  branch = "master"
  digest = "1:278d561dd1f1743e1b8995f202f56314e33364b395b95514d7df91df48b267da"
  name = "golang.org/x/crypto"
  packages = [
    "internal/subtle",
    "nacl/secretbox",
    "poly1305",
    "salsa20/salsa",
    "ssh/terminal",
  ]
  pruneopts = ""
  revision = "057139ce5d2bdbe6fe73c53679e24e9cf007f637"

[[projects]]
  branch = "master"
  digest = "1:1e9704e5379e68ac473c28aeb3f7e7cd4036ae8a246bf0285b5ebdbb8e0cfacf"
  name = "golang.org/x/net"
  packages = [
    "context",
    "html",
    "html/atom",
    "webdav",
    "webdav/internal/xml",
  ]
  pruneopts = ""
  revision = "d26f9f9a57f3fab6a695bec0d84433c2c50f8bbf"

[[projects]]
  branch = "master"
  digest = "1:7e3b61f51ebcb58b3894928ed7c63aae68820dec1dd57166e5d6e65ef2868f40"
  name = "golang.org/x/sys"
  packages = [
    "unix",
    "windows",
  ]
  pruneopts = ""
  revision = "b90733256f2e882e81d52f9126de08df5615afd9"

[[projects]]
  digest = "1:be5b8bdf182abbef3c4e0d0926bba912ef41b097f001259cb5d2187370bb2e5b"
  name = "gopkg.in/sourcemap.v1"
  packages = [
    ".",
    "base64vlq",
  ]
  pruneopts = ""
  revision = "6e83acea0053641eff084973fee085f0c193c61a"
  version = "v1.0.5"

[[projects]]
  digest = "1:cedccf16b71e86db87a24f8d4c70b0a855872eb967cb906a66b95de56aefbd0d"
  name = "gopkg.in/yaml.v2"
  packages = ["."]
  pruneopts = ""
  revision = "51d6538a90f86fe93ac480b35f37b2be17fef232"
  version = "v2.2.2"

[solve-meta]
  analyzer-name = "dep"
  analyzer-version = 1
  input-imports = [
    "github.com/Shopify/go-lua",
    "github.com/bwmarrin/discordgo",
    "github.com/dustin/go-humanize",
    "github.com/go-errors/errors",
    "github.com/go-redis/redis",
    "github.com/googollee/go-socket.io",
    "github.com/jonas747/dca",
    "github.com/nicksnyder/go-i18n/i18n",
    "github.com/nishanths/go-xkcd",
    "github.com/robertkrimen/otto",
    "github.com/rylio/ytdl",
    "github.com/tidwall/buntdb",
    "github.com/tidwall/redcon",
    "golang.org/x/net/context",
    "golang.org/x/net/webdav",
  ]
  solver-name = "gps-cdcl"
  solver-version = 1
